
Microsoft Visual Studio Solution File, Format Version 12.00
# Visual Studio Version 16
VisualStudioVersion = 16.0.29409.12
MinimumVisualStudioVersion = 10.0.40219.1
Project("{9A19103F-16F7-4668-BE54-9A1E7A4F7556}") = "P1ReaderApp", "P1ReaderApp\P1ReaderApp.csproj", "{6736B535-F801-44A4-A862-2804B3F24D22}"
EndProject
Project("{9A19103F-16F7-4668-BE54-9A1E7A4F7556}") = "P1ReaderApp.Tests", "P1ReaderApp.Tests\P1ReaderApp.Tests.csproj", "{BDDE4F6C-03CD-4165-BB6E-9874B3645936}"
EndProject
Project("{9A19103F-16F7-4668-BE54-9A1E7A4F7556}") = "P1ReportApp", "P1ReportApp\P1ReportApp.csproj", "{5501D0EB-0EC8-4627-89DA-C385507F43F7}"
EndProject
Project("{9A19103F-16F7-4668-BE54-9A1E7A4F7556}") = "P1Reader.Infra.Sqlite", "P1Reader.Infra.Sqlite\P1Reader.Infra.Sqlite.csproj", "{408B98C7-BF45-43B3-9B04-326DFAC8E1E7}"
EndProject
Project("{9A19103F-16F7-4668-BE54-9A1E7A4F7556}") = "P1Report.Infra.Pdf", "P1Report.Infra.Pdf\P1Report.Infra.Pdf.csproj", "{F5F6136F-0486-48D8-B1D7-3998EE429226}"
EndProject
Project("{9A19103F-16F7-4668-BE54-9A1E7A4F7556}") = "P1Aggregator", "P1Aggregator\P1Aggregator.csproj", "{80319CBF-FC59-44D7-BDF3-E16F098859EE}"
EndProject
Project("{9A19103F-16F7-4668-BE54-9A1E7A4F7556}") = "P1Reader.Infra.Mysql", "P1Reader.Infra.Mysql\P1Reader.Infra.Mysql.csproj", "{066E79C1-CFFF-46EB-AFB8-DAD594609BD9}"
EndProject
Project("{9A19103F-16F7-4668-BE54-9A1E7A4F7556}") = "P1Reader.Domain", "P1Reader.Domain\P1Reader.Domain.csproj", "{0CF99A9F-58E5-40DC-8A61-4373B5E1B363}"
EndProject
Project("{FAE04EC0-301F-11D3-BF4B-00C04F79EFBC}") = "P1Reader.Web", "P1Reader.Web\P1Reader.Web.csproj", "{80AFA970-DE7F-4270-AAB0-99F31856EA22}"
EndProject
Global
	GlobalSection(SolutionConfigurationPlatforms) = preSolution
		Debug|Any CPU = Debug|Any CPU
		Release|Any CPU = Release|Any CPU
	EndGlobalSection
	GlobalSection(ProjectConfigurationPlatforms) = postSolution
		{6736B535-F801-44A4-A862-2804B3F24D22}.Debug|Any CPU.ActiveCfg = Debug|Any CPU
		{6736B535-F801-44A4-A862-2804B3F24D22}.Debug|Any CPU.Build.0 = Debug|Any CPU
		{6736B535-F801-44A4-A862-2804B3F24D22}.Release|Any CPU.ActiveCfg = Release|Any CPU
		{6736B535-F801-44A4-A862-2804B3F24D22}.Release|Any CPU.Build.0 = Release|Any CPU
		{BDDE4F6C-03CD-4165-BB6E-9874B3645936}.Debug|Any CPU.ActiveCfg = Debug|Any CPU
		{BDDE4F6C-03CD-4165-BB6E-9874B3645936}.Debug|Any CPU.Build.0 = Debug|Any CPU
		{BDDE4F6C-03CD-4165-BB6E-9874B3645936}.Release|Any CPU.ActiveCfg = Release|Any CPU
		{BDDE4F6C-03CD-4165-BB6E-9874B3645936}.Release|Any CPU.Build.0 = Release|Any CPU
		{5501D0EB-0EC8-4627-89DA-C385507F43F7}.Debug|Any CPU.ActiveCfg = Debug|Any CPU
		{5501D0EB-0EC8-4627-89DA-C385507F43F7}.Debug|Any CPU.Build.0 = Debug|Any CPU
		{5501D0EB-0EC8-4627-89DA-C385507F43F7}.Release|Any CPU.ActiveCfg = Release|Any CPU
		{5501D0EB-0EC8-4627-89DA-C385507F43F7}.Release|Any CPU.Build.0 = Release|Any CPU
		{408B98C7-BF45-43B3-9B04-326DFAC8E1E7}.Debug|Any CPU.ActiveCfg = Debug|Any CPU
		{408B98C7-BF45-43B3-9B04-326DFAC8E1E7}.Debug|Any CPU.Build.0 = Debug|Any CPU
		{408B98C7-BF45-43B3-9B04-326DFAC8E1E7}.Release|Any CPU.ActiveCfg = Release|Any CPU
		{408B98C7-BF45-43B3-9B04-326DFAC8E1E7}.Release|Any CPU.Build.0 = Release|Any CPU
		{F5F6136F-0486-48D8-B1D7-3998EE429226}.Debug|Any CPU.ActiveCfg = Debug|Any CPU
		{F5F6136F-0486-48D8-B1D7-3998EE429226}.Debug|Any CPU.Build.0 = Debug|Any CPU
		{F5F6136F-0486-48D8-B1D7-3998EE429226}.Release|Any CPU.ActiveCfg = Release|Any CPU
		{F5F6136F-0486-48D8-B1D7-3998EE429226}.Release|Any CPU.Build.0 = Release|Any CPU
		{80319CBF-FC59-44D7-BDF3-E16F098859EE}.Debug|Any CPU.ActiveCfg = Debug|Any CPU
		{80319CBF-FC59-44D7-BDF3-E16F098859EE}.Debug|Any CPU.Build.0 = Debug|Any CPU
		{80319CBF-FC59-44D7-BDF3-E16F098859EE}.Release|Any CPU.ActiveCfg = Release|Any CPU
		{80319CBF-FC59-44D7-BDF3-E16F098859EE}.Release|Any CPU.Build.0 = Release|Any CPU
		{066E79C1-CFFF-46EB-AFB8-DAD594609BD9}.Debug|Any CPU.ActiveCfg = Debug|Any CPU
		{066E79C1-CFFF-46EB-AFB8-DAD594609BD9}.Debug|Any CPU.Build.0 = Debug|Any CPU
		{066E79C1-CFFF-46EB-AFB8-DAD594609BD9}.Release|Any CPU.ActiveCfg = Release|Any CPU
		{066E79C1-CFFF-46EB-AFB8-DAD594609BD9}.Release|Any CPU.Build.0 = Release|Any CPU
		{0CF99A9F-58E5-40DC-8A61-4373B5E1B363}.Debug|Any CPU.ActiveCfg = Debug|Any CPU
		{0CF99A9F-58E5-40DC-8A61-4373B5E1B363}.Debug|Any CPU.Build.0 = Debug|Any CPU
		{0CF99A9F-58E5-40DC-8A61-4373B5E1B363}.Release|Any CPU.ActiveCfg = Release|Any CPU
		{0CF99A9F-58E5-40DC-8A61-4373B5E1B363}.Release|Any CPU.Build.0 = Release|Any CPU
		{80AFA970-DE7F-4270-AAB0-99F31856EA22}.Debug|Any CPU.ActiveCfg = Debug|Any CPU
		{80AFA970-DE7F-4270-AAB0-99F31856EA22}.Debug|Any CPU.Build.0 = Debug|Any CPU
		{80AFA970-DE7F-4270-AAB0-99F31856EA22}.Release|Any CPU.ActiveCfg = Release|Any CPU
		{80AFA970-DE7F-4270-AAB0-99F31856EA22}.Release|Any CPU.Build.0 = Release|Any CPU
	EndGlobalSection
	GlobalSection(SolutionProperties) = preSolution
		HideSolutionNode = FALSE
	EndGlobalSection
	GlobalSection(ExtensibilityGlobals) = postSolution
		SolutionGuid = {5B128ACB-1F8E-4FF0-9986-B8B38CF94A21}
	EndGlobalSection
EndGlobal
